DEPENDENCIES
  acme
    git: git://github.com/schubergphilis/chef-acme.git
    revision: 317e064ab03d3689e503112308f7a7c447ba04ce
    ref: v4.0.0
  apt (~> 6.0.0)
  build-essential (~> 5.0.0)
  compat_resource
    git: git://github.com/ROR-Chef/compat_resource.git
    revision: 5fcd99c37373534b39abd565195f873262a81bfb
  monit
    git: git://github.com/phlipper/chef-monit.git
    revision: f027aea655a0ef2ea6d0b7bdde00975268a82ef9
  mysql
    git: https://github.com/chef-cookbooks/mysql
    revision: f69d14c14edb2911601a6744b8b7ec74c3d108a0
    tag: v5.6.3
  nginx
    git: git://github.com/ROR-Chef/nginx.git
    revision: 427ee0dacc80f9804fa183526976e465bc8ae63c
  nodejs
    git: git://github.com/ROR-Chef/nodejs.git
    revision: 014b0cc28f32d21d074f378eee4367e92d9d622c
  openssh (~> 2.1.1)
  postgresql
    git: git://github.com/ROR-Chef/postgresql.git
    revision: 8bf11345e0521bf8512d9c4561ded514fa33ef26
  redisio
    git: git://github.com/brianbianco/redisio.git
    revision: 222e4d48eff9a38e3fddbcd07734aa6c05b4665d
    ref: v2.6.1
  rvm
    git: git://github.com/ROR-Chef/rvm.git
    revision: 13ba058358d28a5d8526983966f863aaee0e4ca5
  sudo
    git: git://github.com/ROR-Chef/sudo.git
    revision: 439be77c74cf2a9f8efd40e6fd6995f8224c411e
  users (~> 4.0.3)

GRAPH
  acme (4.0.0)
    compat_resource (>= 12.19.0)
  apt (6.0.1)
  ark (4.0.0)
    build-essential (>= 0.0.0)
    seven_zip (>= 0.0.0)
  build-essential (5.0.0)
    compat_resource (>= 12.10)
    mingw (>= 0.0.0)
    seven_zip (>= 0.0.0)
  compat_resource (12.19.1)
  iptables (4.3.4)
  mingw (2.1.0)
    seven_zip (>= 0.0.0)
  monit (1.5.4)
    build-essential (>= 0.0.0)
  mysql (5.6.3)
    yum-mysql-community (>= 0.0.0)
  nginx (8.1.5)
    build-essential (>= 5.0.0)
    ohai (>= 4.1.0)
    yum-epel (>= 0.0.0)
    zypper (>= 0.0.0)
  nodejs (5.0.0)
    ark (>= 2.0.2)
    build-essential (>= 0.0.0)
  ohai (5.2.3)
  openssh (2.1.1)
    iptables (>= 1.0)
  openssl (8.5.0)
  postgresql (6.1.1)
    build-essential (>= 2.0.0)
    compat_resource (>= 12.16.3)
    openssl (>= 4.0.0)
  redisio (2.6.1)
    build-essential (>= 0.0.0)
    selinux_policy (>= 0.0.0)
    ulimit (>= 0.1.2)
  rvm (0.10.1)
  selinux_policy (2.1.0)
  seven_zip (3.0.0)
    windows (>= 0.0.0)
  sudo (5.4.0)
  ulimit (1.0.0)
  users (4.0.3)
  windows (5.0.0)
  yum-epel (3.2.0)
  yum-mysql-community (4.0.1)
  zypper (0.4.0)
